
Microsoft Visual Studio Solution File, Format Version 12.00
# Visual Studio Version 17
VisualStudioVersion = 17.3.32811.315
MinimumVisualStudioVersion = 10.0.40219.1
Project("{888888A0-9F3D-457C-B088-3A5042F75D52}") = "lab 2 example", "lab 2 example.pyproj", "{2A489E86-C234-49F4-B884-4E6B6B99D60B}"
EndProject
Global
	GlobalSection(SolutionConfigurationPlatforms) = preSolution
		Debug|Any CPU = Debug|Any CPU
		Release|Any CPU = Release|Any CPU
	EndGlobalSection
	GlobalSection(ProjectConfigurationPlatforms) = postSolution
		{2A489E86-C234-49F4-B884-4E6B6B99D60B}.Debug|Any CPU.ActiveCfg = Debug|Any CPU
		{2A489E86-C234-49F4-B884-4E6B6B99D60B}.Release|Any CPU.ActiveCfg = Release|Any CPU
	EndGlobalSection
	GlobalSection(SolutionProperties) = preSolution
		HideSolutionNode = FALSE
	EndGlobalSection
	GlobalSection(ExtensibilityGlobals) = postSolution
		SolutionGuid = {DE509E2C-B267-4752-91BB-B0F37FCF5CC3}
	EndGlobalSection
EndGlobal
