
Microsoft Visual Studio Solution File, Format Version 12.00
# Visual Studio Version 17
VisualStudioVersion = 17.3.32811.315
MinimumVisualStudioVersion = 10.0.40219.1
Project("{888888A0-9F3D-457C-B088-3A5042F75D52}") = "lab 6 driver", "lab 6 driver.pyproj", "{504FB6A3-595D-47B2-8D46-0A59E1983E22}"
EndProject
Global
	GlobalSection(SolutionConfigurationPlatforms) = preSolution
		Debug|Any CPU = Debug|Any CPU
		Release|Any CPU = Release|Any CPU
	EndGlobalSection
	GlobalSection(ProjectConfigurationPlatforms) = postSolution
		{504FB6A3-595D-47B2-8D46-0A59E1983E22}.Debug|Any CPU.ActiveCfg = Debug|Any CPU
		{504FB6A3-595D-47B2-8D46-0A59E1983E22}.Release|Any CPU.ActiveCfg = Release|Any CPU
	EndGlobalSection
	GlobalSection(SolutionProperties) = preSolution
		HideSolutionNode = FALSE
	EndGlobalSection
	GlobalSection(ExtensibilityGlobals) = postSolution
		SolutionGuid = {E2B7E8C6-926F-421A-9AE6-4735FCD58497}
	EndGlobalSection
EndGlobal
