
Microsoft Visual Studio Solution File, Format Version 12.00
# Visual Studio Version 17
VisualStudioVersion = 17.3.32811.315
MinimumVisualStudioVersion = 10.0.40219.1
Project("{888888A0-9F3D-457C-B088-3A5042F75D52}") = "lab 3 binary", "lab 3 binary.pyproj", "{F2219C86-BF7B-4205-A92D-B5D263FFDDAC}"
EndProject
Global
	GlobalSection(SolutionConfigurationPlatforms) = preSolution
		Debug|Any CPU = Debug|Any CPU
		Release|Any CPU = Release|Any CPU
	EndGlobalSection
	GlobalSection(ProjectConfigurationPlatforms) = postSolution
		{F2219C86-BF7B-4205-A92D-B5D263FFDDAC}.Debug|Any CPU.ActiveCfg = Debug|Any CPU
		{F2219C86-BF7B-4205-A92D-B5D263FFDDAC}.Release|Any CPU.ActiveCfg = Release|Any CPU
	EndGlobalSection
	GlobalSection(SolutionProperties) = preSolution
		HideSolutionNode = FALSE
	EndGlobalSection
	GlobalSection(ExtensibilityGlobals) = postSolution
		SolutionGuid = {47DAC166-BDB5-4999-94B2-1C22A8EDC162}
	EndGlobalSection
EndGlobal
