
Microsoft Visual Studio Solution File, Format Version 12.00
# Visual Studio Version 17
VisualStudioVersion = 17.3.32811.315
MinimumVisualStudioVersion = 10.0.40219.1
Project("{888888A0-9F3D-457C-B088-3A5042F75D52}") = "dictionairy review", "dictionairy review.pyproj", "{3F9DE04B-5C94-4ECB-9028-2D7E5E138B04}"
EndProject
Global
	GlobalSection(SolutionConfigurationPlatforms) = preSolution
		Debug|Any CPU = Debug|Any CPU
		Release|Any CPU = Release|Any CPU
	EndGlobalSection
	GlobalSection(ProjectConfigurationPlatforms) = postSolution
		{3F9DE04B-5C94-4ECB-9028-2D7E5E138B04}.Debug|Any CPU.ActiveCfg = Debug|Any CPU
		{3F9DE04B-5C94-4ECB-9028-2D7E5E138B04}.Release|Any CPU.ActiveCfg = Release|Any CPU
	EndGlobalSection
	GlobalSection(SolutionProperties) = preSolution
		HideSolutionNode = FALSE
	EndGlobalSection
	GlobalSection(ExtensibilityGlobals) = postSolution
		SolutionGuid = {1CAC528A-1D98-4EF4-99DF-93A79934291D}
	EndGlobalSection
EndGlobal
